
Microsoft Visual Studio Solution File, Format Version 12.00
# Visual Studio Version 17
VisualStudioVersion = 17.4.33213.308
MinimumVisualStudioVersion = 10.0.40219.1
Project("{FAE04EC0-301F-11D3-BF4B-00C04F79EFBC}") = "webBangHangOnline", "webBangHangOnline\webBangHangOnline.csproj", "{67478445-2552-43BB-AB74-E85F1E84317C}"
EndProject
Global
	GlobalSection(SolutionConfigurationPlatforms) = preSolution
		Debug|Any CPU = Debug|Any CPU
		Release|Any CPU = Release|Any CPU
	EndGlobalSection
	GlobalSection(ProjectConfigurationPlatforms) = postSolution
		{67478445-2552-43BB-AB74-E85F1E84317C}.Debug|Any CPU.ActiveCfg = Debug|Any CPU
		{67478445-2552-43BB-AB74-E85F1E84317C}.Debug|Any CPU.Build.0 = Debug|Any CPU
		{67478445-2552-43BB-AB74-E85F1E84317C}.Release|Any CPU.ActiveCfg = Release|Any CPU
		{67478445-2552-43BB-AB74-E85F1E84317C}.Release|Any CPU.Build.0 = Release|Any CPU
	EndGlobalSection
	GlobalSection(SolutionProperties) = preSolution
		HideSolutionNode = FALSE
	EndGlobalSection
	GlobalSection(ExtensibilityGlobals) = postSolution
		SolutionGuid = {35F9F042-CE2D-4FC8-9C0F-5DCC3ED7373C}
	EndGlobalSection
EndGlobal
